
Microsoft Visual Studio Solution File, Format Version 12.00
# Visual Studio 2013
VisualStudioVersion = 12.0.21005.1
MinimumVisualStudioVersion = 10.0.40219.1
Project("{8BC9CEB8-8B4A-11D0-8D11-00A0C91BC942}") = "kmp", "kmp\kmp.vcxproj", "{32F1F6B4-91DC-422B-B4C4-C33E62CC111C}"
EndProject
Project("{8BC9CEB8-8B4A-11D0-8D11-00A0C91BC942}") = "suffix_array_long", "..\suffix_array_long\suffix_array_long.vcxproj", "{DCD5A24D-D54D-4EDE-AB84-27525C797081}"
EndProject
Global
	GlobalSection(SolutionConfigurationPlatforms) = preSolution
		Debug|Win32 = Debug|Win32
		Release|Win32 = Release|Win32
	EndGlobalSection
	GlobalSection(ProjectConfigurationPlatforms) = postSolution
		{32F1F6B4-91DC-422B-B4C4-C33E62CC111C}.Debug|Win32.ActiveCfg = Debug|Win32
		{32F1F6B4-91DC-422B-B4C4-C33E62CC111C}.Debug|Win32.Build.0 = Debug|Win32
		{32F1F6B4-91DC-422B-B4C4-C33E62CC111C}.Release|Win32.ActiveCfg = Release|Win32
		{32F1F6B4-91DC-422B-B4C4-C33E62CC111C}.Release|Win32.Build.0 = Release|Win32
		{DCD5A24D-D54D-4EDE-AB84-27525C797081}.Debug|Win32.ActiveCfg = Debug|Win32
		{DCD5A24D-D54D-4EDE-AB84-27525C797081}.Debug|Win32.Build.0 = Debug|Win32
		{DCD5A24D-D54D-4EDE-AB84-27525C797081}.Release|Win32.ActiveCfg = Release|Win32
		{DCD5A24D-D54D-4EDE-AB84-27525C797081}.Release|Win32.Build.0 = Release|Win32
	EndGlobalSection
	GlobalSection(SolutionProperties) = preSolution
		HideSolutionNode = FALSE
	EndGlobalSection
EndGlobal
