
Microsoft Visual Studio Solution File, Format Version 12.00
# Visual Studio 2013
VisualStudioVersion = 12.0.21005.1
MinimumVisualStudioVersion = 10.0.40219.1
Project("{8BC9CEB8-8B4A-11D0-8D11-00A0C91BC942}") = "advanced_cpp", "advanced_cpp.vcxproj", "{416F6073-A701-4706-AEF2-ECF0C556CF37}"
EndProject
Project("{8BC9CEB8-8B4A-11D0-8D11-00A0C91BC942}") = "monoton", "..\monoton\monoton.vcxproj", "{8F5C328B-DA2E-488C-BC72-7975699451A1}"
EndProject
Global
	GlobalSection(SolutionConfigurationPlatforms) = preSolution
		Debug|Win32 = Debug|Win32
		Release|Win32 = Release|Win32
	EndGlobalSection
	GlobalSection(ProjectConfigurationPlatforms) = postSolution
		{416F6073-A701-4706-AEF2-ECF0C556CF37}.Debug|Win32.ActiveCfg = Debug|Win32
		{416F6073-A701-4706-AEF2-ECF0C556CF37}.Debug|Win32.Build.0 = Debug|Win32
		{416F6073-A701-4706-AEF2-ECF0C556CF37}.Release|Win32.ActiveCfg = Release|Win32
		{416F6073-A701-4706-AEF2-ECF0C556CF37}.Release|Win32.Build.0 = Release|Win32
		{8F5C328B-DA2E-488C-BC72-7975699451A1}.Debug|Win32.ActiveCfg = Debug|Win32
		{8F5C328B-DA2E-488C-BC72-7975699451A1}.Debug|Win32.Build.0 = Debug|Win32
		{8F5C328B-DA2E-488C-BC72-7975699451A1}.Release|Win32.ActiveCfg = Release|Win32
		{8F5C328B-DA2E-488C-BC72-7975699451A1}.Release|Win32.Build.0 = Release|Win32
	EndGlobalSection
	GlobalSection(SolutionProperties) = preSolution
		HideSolutionNode = FALSE
	EndGlobalSection
EndGlobal
