
Microsoft Visual Studio Solution File, Format Version 12.00
# Visual Studio 2013
VisualStudioVersion = 12.0.21005.1
MinimumVisualStudioVersion = 10.0.40219.1
Project("{8BC9CEB8-8B4A-11D0-8D11-00A0C91BC942}") = "make_heap", "make_heap.vcxproj", "{9F9088E4-EA76-4A88-86E4-106388A75D30}"
EndProject
Project("{8BC9CEB8-8B4A-11D0-8D11-00A0C91BC942}") = "job_queue", "..\job_queue\job_queue.vcxproj", "{855C90CA-D3D7-4547-A03F-FF54AA905247}"
EndProject
Global
	GlobalSection(SolutionConfigurationPlatforms) = preSolution
		Debug|Win32 = Debug|Win32
		Release|Win32 = Release|Win32
	EndGlobalSection
	GlobalSection(ProjectConfigurationPlatforms) = postSolution
		{9F9088E4-EA76-4A88-86E4-106388A75D30}.Debug|Win32.ActiveCfg = Debug|Win32
		{9F9088E4-EA76-4A88-86E4-106388A75D30}.Debug|Win32.Build.0 = Debug|Win32
		{9F9088E4-EA76-4A88-86E4-106388A75D30}.Release|Win32.ActiveCfg = Release|Win32
		{9F9088E4-EA76-4A88-86E4-106388A75D30}.Release|Win32.Build.0 = Release|Win32
		{855C90CA-D3D7-4547-A03F-FF54AA905247}.Debug|Win32.ActiveCfg = Debug|Win32
		{855C90CA-D3D7-4547-A03F-FF54AA905247}.Debug|Win32.Build.0 = Debug|Win32
		{855C90CA-D3D7-4547-A03F-FF54AA905247}.Release|Win32.ActiveCfg = Release|Win32
		{855C90CA-D3D7-4547-A03F-FF54AA905247}.Release|Win32.Build.0 = Release|Win32
	EndGlobalSection
	GlobalSection(SolutionProperties) = preSolution
		HideSolutionNode = FALSE
	EndGlobalSection
EndGlobal
